
Microsoft Visual Studio Solution File, Format Version 12.00
# Visual Studio Version 16
VisualStudioVersion = 16.0.30503.244
MinimumVisualStudioVersion = 10.0.40219.1
Project("{FAE04EC0-301F-11D3-BF4B-00C04F79EFBC}") = "WindowsFormsApp1", "WindowsFormsApp1.csproj", "{B1962EB4-D0CF-4537-BB3D-DD3EA54CD206}"
EndProject
Global
	GlobalSection(SolutionConfigurationPlatforms) = preSolution
		Debug|Any CPU = Debug|Any CPU
		Release|Any CPU = Release|Any CPU
	EndGlobalSection
	GlobalSection(ProjectConfigurationPlatforms) = postSolution
		{B1962EB4-D0CF-4537-BB3D-DD3EA54CD206}.Debug|Any CPU.ActiveCfg = Debug|Any CPU
		{B1962EB4-D0CF-4537-BB3D-DD3EA54CD206}.Debug|Any CPU.Build.0 = Debug|Any CPU
		{B1962EB4-D0CF-4537-BB3D-DD3EA54CD206}.Release|Any CPU.ActiveCfg = Release|Any CPU
		{B1962EB4-D0CF-4537-BB3D-DD3EA54CD206}.Release|Any CPU.Build.0 = Release|Any CPU
	EndGlobalSection
	GlobalSection(SolutionProperties) = preSolution
		HideSolutionNode = FALSE
	EndGlobalSection
	GlobalSection(ExtensibilityGlobals) = postSolution
		SolutionGuid = {C47A152C-C82D-4263-BFFA-73A0B20EFA0C}
	EndGlobalSection
EndGlobal
